
Microsoft Visual Studio Solution File, Format Version 12.00
# Visual Studio Version 17
VisualStudioVersion = 17.0.31903.59
MinimumVisualStudioVersion = 10.0.40219.1
Project("{2150E333-8FDC-42A3-9474-1A3956D46DE8}") = "backend", "backend", "{1AE8ACA6-933B-BF2A-3671-3E2EAC007D16}"
EndProject
Project("{FAE04EC0-301F-11D3-BF4B-00C04F79EFBC}") = "BasarsoftOdev.Api", "backend\BasarsoftOdev.Api\BasarsoftOdev.Api.csproj", "{9CC1F9C1-9DDF-4016-B777-9E341BF22DE6}"
EndProject
Project("{FAE04EC0-301F-11D3-BF4B-00C04F79EFBC}") = "BasarsoftOdev.Domain", "backend\BasarsoftOdev.Domain\BasarsoftOdev.Domain.csproj", "{DF7A74D9-45DA-4E40-A52A-10D3937E31E8}"
EndProject
Project("{FAE04EC0-301F-11D3-BF4B-00C04F79EFBC}") = "BasarsoftOdev.BLL", "backend\BasarsoftOdev.BLL\BasarsoftOdev.BLL.csproj", "{7B5830C0-0FAC-46AC-9A7B-7B2135D981A0}"
EndProject
Project("{FAE04EC0-301F-11D3-BF4B-00C04F79EFBC}") = "BasarsoftOdev.DAL", "backend\BasarsoftOdev.DAL\BasarsoftOdev.DAL.csproj", "{BA8EBDAB-4965-4F92-B112-49B78D1CCAD4}"
EndProject
Global
	GlobalSection(SolutionConfigurationPlatforms) = preSolution
		Debug|Any CPU = Debug|Any CPU
		Debug|x64 = Debug|x64
		Debug|x86 = Debug|x86
		Release|Any CPU = Release|Any CPU
		Release|x64 = Release|x64
		Release|x86 = Release|x86
	EndGlobalSection
	GlobalSection(ProjectConfigurationPlatforms) = postSolution
		{9CC1F9C1-9DDF-4016-B777-9E341BF22DE6}.Debug|Any CPU.ActiveCfg = Debug|Any CPU
		{9CC1F9C1-9DDF-4016-B777-9E341BF22DE6}.Debug|Any CPU.Build.0 = Debug|Any CPU
		{9CC1F9C1-9DDF-4016-B777-9E341BF22DE6}.Debug|x64.ActiveCfg = Debug|Any CPU
		{9CC1F9C1-9DDF-4016-B777-9E341BF22DE6}.Debug|x64.Build.0 = Debug|Any CPU
		{9CC1F9C1-9DDF-4016-B777-9E341BF22DE6}.Debug|x86.ActiveCfg = Debug|Any CPU
		{9CC1F9C1-9DDF-4016-B777-9E341BF22DE6}.Debug|x86.Build.0 = Debug|Any CPU
		{9CC1F9C1-9DDF-4016-B777-9E341BF22DE6}.Release|Any CPU.ActiveCfg = Release|Any CPU
		{9CC1F9C1-9DDF-4016-B777-9E341BF22DE6}.Release|Any CPU.Build.0 = Release|Any CPU
		{9CC1F9C1-9DDF-4016-B777-9E341BF22DE6}.Release|x64.ActiveCfg = Release|Any CPU
		{9CC1F9C1-9DDF-4016-B777-9E341BF22DE6}.Release|x64.Build.0 = Release|Any CPU
		{9CC1F9C1-9DDF-4016-B777-9E341BF22DE6}.Release|x86.ActiveCfg = Release|Any CPU
		{9CC1F9C1-9DDF-4016-B777-9E341BF22DE6}.Release|x86.Build.0 = Release|Any CPU
		{DF7A74D9-45DA-4E40-A52A-10D3937E31E8}.Debug|Any CPU.ActiveCfg = Debug|Any CPU
		{DF7A74D9-45DA-4E40-A52A-10D3937E31E8}.Debug|Any CPU.Build.0 = Debug|Any CPU
		{DF7A74D9-45DA-4E40-A52A-10D3937E31E8}.Debug|x64.ActiveCfg = Debug|Any CPU
		{DF7A74D9-45DA-4E40-A52A-10D3937E31E8}.Debug|x64.Build.0 = Debug|Any CPU
		{DF7A74D9-45DA-4E40-A52A-10D3937E31E8}.Debug|x86.ActiveCfg = Debug|Any CPU
		{DF7A74D9-45DA-4E40-A52A-10D3937E31E8}.Debug|x86.Build.0 = Debug|Any CPU
		{DF7A74D9-45DA-4E40-A52A-10D3937E31E8}.Release|Any CPU.ActiveCfg = Release|Any CPU
		{DF7A74D9-45DA-4E40-A52A-10D3937E31E8}.Release|Any CPU.Build.0 = Release|Any CPU
		{DF7A74D9-45DA-4E40-A52A-10D3937E31E8}.Release|x64.ActiveCfg = Release|Any CPU
		{DF7A74D9-45DA-4E40-A52A-10D3937E31E8}.Release|x64.Build.0 = Release|Any CPU
		{DF7A74D9-45DA-4E40-A52A-10D3937E31E8}.Release|x86.ActiveCfg = Release|Any CPU
		{DF7A74D9-45DA-4E40-A52A-10D3937E31E8}.Release|x86.Build.0 = Release|Any CPU
		{7B5830C0-0FAC-46AC-9A7B-7B2135D981A0}.Debug|Any CPU.ActiveCfg = Debug|Any CPU
		{7B5830C0-0FAC-46AC-9A7B-7B2135D981A0}.Debug|Any CPU.Build.0 = Debug|Any CPU
		{7B5830C0-0FAC-46AC-9A7B-7B2135D981A0}.Debug|x64.ActiveCfg = Debug|Any CPU
		{7B5830C0-0FAC-46AC-9A7B-7B2135D981A0}.Debug|x64.Build.0 = Debug|Any CPU
		{7B5830C0-0FAC-46AC-9A7B-7B2135D981A0}.Debug|x86.ActiveCfg = Debug|Any CPU
		{7B5830C0-0FAC-46AC-9A7B-7B2135D981A0}.Debug|x86.Build.0 = Debug|Any CPU
		{7B5830C0-0FAC-46AC-9A7B-7B2135D981A0}.Release|Any CPU.ActiveCfg = Release|Any CPU
		{7B5830C0-0FAC-46AC-9A7B-7B2135D981A0}.Release|Any CPU.Build.0 = Release|Any CPU
		{7B5830C0-0FAC-46AC-9A7B-7B2135D981A0}.Release|x64.ActiveCfg = Release|Any CPU
		{7B5830C0-0FAC-46AC-9A7B-7B2135D981A0}.Release|x64.Build.0 = Release|Any CPU
		{7B5830C0-0FAC-46AC-9A7B-7B2135D981A0}.Release|x86.ActiveCfg = Release|Any CPU
		{7B5830C0-0FAC-46AC-9A7B-7B2135D981A0}.Release|x86.Build.0 = Release|Any CPU
		{BA8EBDAB-4965-4F92-B112-49B78D1CCAD4}.Debug|Any CPU.ActiveCfg = Debug|Any CPU
		{BA8EBDAB-4965-4F92-B112-49B78D1CCAD4}.Debug|Any CPU.Build.0 = Debug|Any CPU
		{BA8EBDAB-4965-4F92-B112-49B78D1CCAD4}.Debug|x64.ActiveCfg = Debug|Any CPU
		{BA8EBDAB-4965-4F92-B112-49B78D1CCAD4}.Debug|x64.Build.0 = Debug|Any CPU
		{BA8EBDAB-4965-4F92-B112-49B78D1CCAD4}.Debug|x86.ActiveCfg = Debug|Any CPU
		{BA8EBDAB-4965-4F92-B112-49B78D1CCAD4}.Debug|x86.Build.0 = Debug|Any CPU
		{BA8EBDAB-4965-4F92-B112-49B78D1CCAD4}.Release|Any CPU.ActiveCfg = Release|Any CPU
		{BA8EBDAB-4965-4F92-B112-49B78D1CCAD4}.Release|Any CPU.Build.0 = Release|Any CPU
		{BA8EBDAB-4965-4F92-B112-49B78D1CCAD4}.Release|x64.ActiveCfg = Release|Any CPU
		{BA8EBDAB-4965-4F92-B112-49B78D1CCAD4}.Release|x64.Build.0 = Release|Any CPU
		{BA8EBDAB-4965-4F92-B112-49B78D1CCAD4}.Release|x86.ActiveCfg = Release|Any CPU
		{BA8EBDAB-4965-4F92-B112-49B78D1CCAD4}.Release|x86.Build.0 = Release|Any CPU
	EndGlobalSection
	GlobalSection(SolutionProperties) = preSolution
		HideSolutionNode = FALSE
	EndGlobalSection
	GlobalSection(NestedProjects) = preSolution
		{9CC1F9C1-9DDF-4016-B777-9E341BF22DE6} = {1AE8ACA6-933B-BF2A-3671-3E2EAC007D16}
		{DF7A74D9-45DA-4E40-A52A-10D3937E31E8} = {1AE8ACA6-933B-BF2A-3671-3E2EAC007D16}
		{7B5830C0-0FAC-46AC-9A7B-7B2135D981A0} = {1AE8ACA6-933B-BF2A-3671-3E2EAC007D16}
		{BA8EBDAB-4965-4F92-B112-49B78D1CCAD4} = {1AE8ACA6-933B-BF2A-3671-3E2EAC007D16}
	EndGlobalSection
EndGlobal
